
Microsoft Visual Studio Solution File, Format Version 12.00
# Visual Studio Version 17
VisualStudioVersion = 17.8.34330.188
MinimumVisualStudioVersion = 10.0.40219.1
Project("{8BC9CEB8-8B4A-11D0-8D11-00A0C91BC942}") = "ClipboardZapper", "ClipboardZapper.vcxproj", "{0D3A0823-A8D0-4DCF-B060-71B90C148A56}"
EndProject
Project("{2150E333-8FDC-42A3-9474-1A3956D46DE8}") = "Solution Items", "Solution Items", "{3F8B3B04-63C9-4DAC-8FBC-5FA0AFA6E2ED}"
	ProjectSection(SolutionItems) = preProject
		ClipboardZapper.reg = ClipboardZapper.reg
	EndProjectSection
EndProject
Global
	GlobalSection(SolutionConfigurationPlatforms) = preSolution
		Debug|x64 = Debug|x64
		Debug|x86 = Debug|x86
		Release|x64 = Release|x64
		Release|x86 = Release|x86
	EndGlobalSection
	GlobalSection(ProjectConfigurationPlatforms) = postSolution
		{0D3A0823-A8D0-4DCF-B060-71B90C148A56}.Debug|x64.ActiveCfg = Debug|x64
		{0D3A0823-A8D0-4DCF-B060-71B90C148A56}.Debug|x64.Build.0 = Debug|x64
		{0D3A0823-A8D0-4DCF-B060-71B90C148A56}.Debug|x86.ActiveCfg = Debug|Win32
		{0D3A0823-A8D0-4DCF-B060-71B90C148A56}.Debug|x86.Build.0 = Debug|Win32
		{0D3A0823-A8D0-4DCF-B060-71B90C148A56}.Release|x64.ActiveCfg = Release|x64
		{0D3A0823-A8D0-4DCF-B060-71B90C148A56}.Release|x64.Build.0 = Release|x64
		{0D3A0823-A8D0-4DCF-B060-71B90C148A56}.Release|x86.ActiveCfg = Release|Win32
		{0D3A0823-A8D0-4DCF-B060-71B90C148A56}.Release|x86.Build.0 = Release|Win32
	EndGlobalSection
	GlobalSection(SolutionProperties) = preSolution
		HideSolutionNode = FALSE
	EndGlobalSection
	GlobalSection(ExtensibilityGlobals) = postSolution
		SolutionGuid = {39CA9CA0-DA8B-4A94-B62D-971FB3A54D6F}
	EndGlobalSection
EndGlobal
